
Microsoft Visual Studio Solution File, Format Version 12.00
# Visual Studio Version 17
VisualStudioVersion = 17.4.33205.214
MinimumVisualStudioVersion = 10.0.40219.1
Project("{FAE04EC0-301F-11D3-BF4B-00C04F79EFBC}") = "Helsinki-City-Bike-App", "Helsinki-City-Bike-App\Helsinki-City-Bike-App.csproj", "{CF1B03D3-0991-42D5-99C7-F316D363ABD5}"
EndProject
Global
	GlobalSection(SolutionConfigurationPlatforms) = preSolution
		Debug|Any CPU = Debug|Any CPU
		Release|Any CPU = Release|Any CPU
	EndGlobalSection
	GlobalSection(ProjectConfigurationPlatforms) = postSolution
		{CF1B03D3-0991-42D5-99C7-F316D363ABD5}.Debug|Any CPU.ActiveCfg = Debug|Any CPU
		{CF1B03D3-0991-42D5-99C7-F316D363ABD5}.Debug|Any CPU.Build.0 = Debug|Any CPU
		{CF1B03D3-0991-42D5-99C7-F316D363ABD5}.Release|Any CPU.ActiveCfg = Release|Any CPU
		{CF1B03D3-0991-42D5-99C7-F316D363ABD5}.Release|Any CPU.Build.0 = Release|Any CPU
	EndGlobalSection
	GlobalSection(SolutionProperties) = preSolution
		HideSolutionNode = FALSE
	EndGlobalSection
	GlobalSection(ExtensibilityGlobals) = postSolution
		SolutionGuid = {A1D0C965-4388-4D3D-97B2-1F2D44BD922C}
	EndGlobalSection
EndGlobal
